{
  "requires": true,
  "lockfileVersion": 1,
  "dependencies": {
    "hexo-theme-fluid": {
      "version": "1.8.14",
      "resolved": "https://registry.npmjs.org/hexo-theme-fluid/-/hexo-theme-fluid-1.8.14.tgz",
      "integrity": "sha512-MLzNtCjJW/1vlyrwJKAlBTpIdH+ChSvK02tbrlvF9BH2fPg88mt5dv1SlWtPqVxiSBu6V4cWZ6agUsUOWL3YzQ=="
    }
  }
}
